
Microsoft Visual Studio Solution File, Format Version 12.00
# Visual Studio Version 17
VisualStudioVersion = 17.10.35004.147
MinimumVisualStudioVersion = 10.0.40219.1
Project("{9A19103F-16F7-4668-BE54-9A1E7A4F7556}") = "Lab02", "Lab02.csproj", "{E63EF7D7-B903-46F2-883B-9E509B3AA9FC}"
EndProject
Project("{FAE04EC0-301F-11D3-BF4B-00C04F79EFBC}") = "Assigment03TestLab", "..\Assigment03TestLab\Assigment03TestLab.csproj", "{FC4D5F75-5940-4B81-AFD9-85BAE7890D0D}"
EndProject
Global
	GlobalSection(SolutionConfigurationPlatforms) = preSolution
		Debug|Any CPU = Debug|Any CPU
		Release|Any CPU = Release|Any CPU
	EndGlobalSection
	GlobalSection(ProjectConfigurationPlatforms) = postSolution
		{E63EF7D7-B903-46F2-883B-9E509B3AA9FC}.Debug|Any CPU.ActiveCfg = Debug|Any CPU
		{E63EF7D7-B903-46F2-883B-9E509B3AA9FC}.Debug|Any CPU.Build.0 = Debug|Any CPU
		{E63EF7D7-B903-46F2-883B-9E509B3AA9FC}.Release|Any CPU.ActiveCfg = Release|Any CPU
		{E63EF7D7-B903-46F2-883B-9E509B3AA9FC}.Release|Any CPU.Build.0 = Release|Any CPU
		{FC4D5F75-5940-4B81-AFD9-85BAE7890D0D}.Debug|Any CPU.ActiveCfg = Debug|Any CPU
		{FC4D5F75-5940-4B81-AFD9-85BAE7890D0D}.Debug|Any CPU.Build.0 = Debug|Any CPU
		{FC4D5F75-5940-4B81-AFD9-85BAE7890D0D}.Release|Any CPU.ActiveCfg = Release|Any CPU
		{FC4D5F75-5940-4B81-AFD9-85BAE7890D0D}.Release|Any CPU.Build.0 = Release|Any CPU
	EndGlobalSection
	GlobalSection(SolutionProperties) = preSolution
		HideSolutionNode = FALSE
	EndGlobalSection
	GlobalSection(ExtensibilityGlobals) = postSolution
		SolutionGuid = {CA647FA5-6A2F-4E9E-B2C7-599A9EAAA3F6}
	EndGlobalSection
EndGlobal
