
Microsoft Visual Studio Solution File, Format Version 12.00
# Visual Studio 15
Project("{FAE04EC0-301F-11D3-BF4B-00C04F79EFBC}") = "Assembly-CSharp", "Assembly-CSharp.csproj", "{6158E682-B897-08AE-548B-B61B9B2D4F95}"
EndProject
Project("{FAE04EC0-301F-11D3-BF4B-00C04F79EFBC}") = "Assembly-CSharp-Editor", "Assembly-CSharp-Editor.csproj", "{AF2D2D6F-1D46-F035-3A3D-C1B67C10897F}"
EndProject
Global
	GlobalSection(SolutionConfigurationPlatforms) = preSolution
		Debug|Any CPU = Debug|Any CPU
		Release|Any CPU = Release|Any CPU
	EndGlobalSection
	GlobalSection(ProjectConfigurationPlatforms) = postSolution
		{6158E682-B897-08AE-548B-B61B9B2D4F95}.Debug|Any CPU.ActiveCfg = Debug|Any CPU
		{6158E682-B897-08AE-548B-B61B9B2D4F95}.Debug|Any CPU.Build.0 = Debug|Any CPU
		{6158E682-B897-08AE-548B-B61B9B2D4F95}.Release|Any CPU.ActiveCfg = Release|Any CPU
		{6158E682-B897-08AE-548B-B61B9B2D4F95}.Release|Any CPU.Build.0 = Release|Any CPU
		{AF2D2D6F-1D46-F035-3A3D-C1B67C10897F}.Debug|Any CPU.ActiveCfg = Debug|Any CPU
		{AF2D2D6F-1D46-F035-3A3D-C1B67C10897F}.Debug|Any CPU.Build.0 = Debug|Any CPU
		{AF2D2D6F-1D46-F035-3A3D-C1B67C10897F}.Release|Any CPU.ActiveCfg = Release|Any CPU
		{AF2D2D6F-1D46-F035-3A3D-C1B67C10897F}.Release|Any CPU.Build.0 = Release|Any CPU
	EndGlobalSection
	GlobalSection(SolutionProperties) = preSolution
		HideSolutionNode = FALSE
	EndGlobalSection
EndGlobal
